
Microsoft Visual Studio Solution File, Format Version 12.00
# Visual Studio Version 17
VisualStudioVersion = 17.0.32112.339
MinimumVisualStudioVersion = 10.0.40219.1
Project("{FAE04EC0-301F-11D3-BF4B-00C04F79EFBC}") = "MessengerManager", "MessengerManager.csproj", "{05D36B9C-ED8F-4FF6-A839-98424504A78E}"
EndProject
Project("{FAE04EC0-301F-11D3-BF4B-00C04F79EFBC}") = "XYETAEBANAYA", "..\XYETAEBANAYA\XYETAEBANAYA.csproj", "{99BC4E44-B171-4204-9397-F3BE73C1519F}"
EndProject
Global
	GlobalSection(SolutionConfigurationPlatforms) = preSolution
		Debug|Any CPU = Debug|Any CPU
		Release|Any CPU = Release|Any CPU
	EndGlobalSection
	GlobalSection(ProjectConfigurationPlatforms) = postSolution
		{05D36B9C-ED8F-4FF6-A839-98424504A78E}.Debug|Any CPU.ActiveCfg = Debug|Any CPU
		{05D36B9C-ED8F-4FF6-A839-98424504A78E}.Debug|Any CPU.Build.0 = Debug|Any CPU
		{05D36B9C-ED8F-4FF6-A839-98424504A78E}.Release|Any CPU.ActiveCfg = Release|Any CPU
		{05D36B9C-ED8F-4FF6-A839-98424504A78E}.Release|Any CPU.Build.0 = Release|Any CPU
		{99BC4E44-B171-4204-9397-F3BE73C1519F}.Debug|Any CPU.ActiveCfg = Debug|Any CPU
		{99BC4E44-B171-4204-9397-F3BE73C1519F}.Debug|Any CPU.Build.0 = Debug|Any CPU
		{99BC4E44-B171-4204-9397-F3BE73C1519F}.Release|Any CPU.ActiveCfg = Release|Any CPU
		{99BC4E44-B171-4204-9397-F3BE73C1519F}.Release|Any CPU.Build.0 = Release|Any CPU
	EndGlobalSection
	GlobalSection(SolutionProperties) = preSolution
		HideSolutionNode = FALSE
	EndGlobalSection
	GlobalSection(ExtensibilityGlobals) = postSolution
		SolutionGuid = {D1524437-5EC1-439D-A501-842C4E061EB3}
	EndGlobalSection
EndGlobal
